
Microsoft Visual Studio Solution File, Format Version 12.00
# Visual Studio Version 17
VisualStudioVersion = 17.11.35312.102
MinimumVisualStudioVersion = 10.0.40219.1
Project("{FAE04EC0-301F-11D3-BF4B-00C04F79EFBC}") = "ExcelAddIn2", "ExcelAddIn2\ExcelAddIn2.csproj", "{A67250E8-A8D6-47BC-9A7C-2753CF73ED15}"
EndProject
Global
	GlobalSection(SolutionConfigurationPlatforms) = preSolution
		Debug|Any CPU = Debug|Any CPU
		Debug|x64 = Debug|x64
		Release|Any CPU = Release|Any CPU
		Release|x64 = Release|x64
	EndGlobalSection
	GlobalSection(ProjectConfigurationPlatforms) = postSolution
		{A67250E8-A8D6-47BC-9A7C-2753CF73ED15}.Debug|Any CPU.ActiveCfg = Debug|Any CPU
		{A67250E8-A8D6-47BC-9A7C-2753CF73ED15}.Debug|Any CPU.Build.0 = Debug|Any CPU
		{A67250E8-A8D6-47BC-9A7C-2753CF73ED15}.Debug|x64.ActiveCfg = Debug|Any CPU
		{A67250E8-A8D6-47BC-9A7C-2753CF73ED15}.Debug|x64.Build.0 = Debug|Any CPU
		{A67250E8-A8D6-47BC-9A7C-2753CF73ED15}.Release|Any CPU.ActiveCfg = Release|Any CPU
		{A67250E8-A8D6-47BC-9A7C-2753CF73ED15}.Release|Any CPU.Build.0 = Release|Any CPU
		{A67250E8-A8D6-47BC-9A7C-2753CF73ED15}.Release|x64.ActiveCfg = Release|x64
		{A67250E8-A8D6-47BC-9A7C-2753CF73ED15}.Release|x64.Build.0 = Release|x64
	EndGlobalSection
	GlobalSection(SolutionProperties) = preSolution
		HideSolutionNode = FALSE
	EndGlobalSection
	GlobalSection(ExtensibilityGlobals) = postSolution
		SolutionGuid = {C25697A9-FF62-4FC3-8397-B850C3EEC815}
	EndGlobalSection
EndGlobal
